{
  "version": 4,
  "terraform_version": "0.12.0",
  "serial": 3,
  "lineage": "b69c15cb-ce68-b628-d95d-96fc415ccb1f",
  "outputs": {},
  "resources": [
    {
      "mode": "managed",
      "type": "random_pet",
      "name": "pet",
      "each": "list",
      "provider": "provider.random",
      "instances": [
        {
          "index_key": 0,
          "schema_version": 0,
          "attributes": {
            "id": "clear-bengal",
            "keepers": null,
            "length": 2,
            "prefix": null,
            "separator": "-"
          }
        },
        {
          "index_key": 1,
          "schema_version": 0,
          "attributes": {
            "id": "evident-yak",
            "keepers": null,
            "length": 2,
            "prefix": null,
            "separator": "-"
          }
        },
        {
          "index_key": 2,
          "schema_version": 0,
          "attributes": {
            "id": "optimal-crawfish",
            "keepers": null,
            "length": 2,
            "prefix": null,
            "separator": "-"
          }
        },
        {
          "index_key": 3,
          "schema_version": 0,
          "attributes": {
            "id": "peaceful-herring",
            "keepers": null,
            "length": 2,
            "prefix": null,
            "separator": "-"
          }
        },
        {
          "index_key": 4,
          "schema_version": 0,
          "attributes": {
            "id": "certain-eagle",
            "keepers": null,
            "length": 2,
            "prefix": null,
            "separator": "-"
          }
        },
        {
          "index_key": 5,
          "schema_version": 0,
          "attributes": {
            "id": "magnetic-shrimp",
            "keepers": null,
            "length": 2,
            "prefix": null,
            "separator": "-"
          }
        },
        {
          "index_key": 6,
          "schema_version": 0,
          "attributes": {
            "id": "credible-egret",
            "keepers": null,
            "length": 2,
            "prefix": null,
            "separator": "-"
          }
        },
        {
          "index_key": 7,
          "schema_version": 0,
          "attributes": {
            "id": "tops-peacock",
            "keepers": null,
            "length": 2,
            "prefix": null,
            "separator": "-"
          }
        },
        {
          "index_key": 8,
          "schema_version": 0,
          "attributes": {
            "id": "measured-javelin",
            "keepers": null,
            "length": 2,
            "prefix": null,
            "separator": "-"
          }
        },
        {
          "index_key": 9,
          "schema_version": 0,
          "attributes": {
            "id": "key-lizard",
            "keepers": null,
            "length": 2,
            "prefix": null,
            "separator": "-"
          }
        },
        {
          "index_key": 10,
          "schema_version": 0,
          "attributes": {
            "id": "novel-mudfish",
            "keepers": null,
            "length": 2,
            "prefix": null,
            "separator": "-"
          }
        },
        {
          "index_key": 11,
          "schema_version": 0,
          "attributes": {
            "id": "live-shiner",
            "keepers": null,
            "length": 2,
            "prefix": null,
            "separator": "-"
          }
        },
        {
          "index_key": 12,
          "schema_version": 0,
          "attributes": {
            "id": "moved-lamb",
            "keepers": null,
            "length": 2,
            "prefix": null,
            "separator": "-"
          }
        },
        {
          "index_key": 13,
          "schema_version": 0,
          "attributes": {
            "id": "striking-bug",
            "keepers": null,
            "length": 2,
            "prefix": null,
            "separator": "-"
          }
        },
        {
          "index_key": 14,
          "schema_version": 0,
          "attributes": {
            "id": "real-basilisk",
            "keepers": null,
            "length": 2,
            "prefix": null,
            "separator": "-"
          }
        },
        {
          "index_key": 15,
          "schema_version": 0,
          "attributes": {
            "id": "leading-fly",
            "keepers": null,
            "length": 2,
            "prefix": null,
            "separator": "-"
          }
        },
        {
          "index_key": 16,
          "schema_version": 0,
          "attributes": {
            "id": "true-lobster",
            "keepers": null,
            "length": 2,
            "prefix": null,
            "separator": "-"
          }
        },
        {
          "index_key": 17,
          "schema_version": 0,
          "attributes": {
            "id": "valid-calf",
            "keepers": null,
            "length": 2,
            "prefix": null,
            "separator": "-"
          }
        },
        {
          "index_key": 18,
          "schema_version": 0,
          "attributes": {
            "id": "wise-moray",
            "keepers": null,
            "length": 2,
            "prefix": null,
            "separator": "-"
          }
        },
        {
          "index_key": 19,
          "schema_version": 0,
          "attributes": {
            "id": "polished-ewe",
            "keepers": null,
            "length": 2,
            "prefix": null,
            "separator": "-"
          }
        },
        {
          "index_key": 20,
          "schema_version": 0,
          "attributes": {
            "id": "awake-squid",
            "keepers": null,
            "length": 2,
            "prefix": null,
            "separator": "-"
          }
        },
        {
          "index_key": 21,
          "schema_version": 0,
          "attributes": {
            "id": "supreme-finch",
            "keepers": null,
            "length": 2,
            "prefix": null,
            "separator": "-"
          }
        },
        {
          "index_key": 22,
          "schema_version": 0,
          "attributes": {
            "id": "choice-civet",
            "keepers": null,
            "length": 2,
            "prefix": null,
            "separator": "-"
          }
        },
        {
          "index_key": 23,
          "schema_version": 0,
          "attributes": {
            "id": "wise-heron",
            "keepers": null,
            "length": 2,
            "prefix": null,
            "separator": "-"
          }
        },
        {
          "index_key": 24,
          "schema_version": 0,
          "attributes": {
            "id": "harmless-cardinal",
            "keepers": null,
            "length": 2,
            "prefix": null,
            "separator": "-"
          }
        },
        {
          "index_key": 25,
          "schema_version": 0,
          "attributes": {
            "id": "precious-cicada",
            "keepers": null,
            "length": 2,
            "prefix": null,
            "separator": "-"
          }
        },
        {
          "index_key": 26,
          "schema_version": 0,
          "attributes": {
            "id": "guided-raptor",
            "keepers": null,
            "length": 2,
            "prefix": null,
            "separator": "-"
          }
        },
        {
          "index_key": 27,
          "schema_version": 0,
          "attributes": {
            "id": "moved-monster",
            "keepers": null,
            "length": 2,
            "prefix": null,
            "separator": "-"
          }
        },
        {
          "index_key": 28,
          "schema_version": 0,
          "attributes": {
            "id": "settling-alpaca",
            "keepers": null,
            "length": 2,
            "prefix": null,
            "separator": "-"
          }
        },
        {
          "index_key": 29,
          "schema_version": 0,
          "attributes": {
            "id": "divine-dassie",
            "keepers": null,
            "length": 2,
            "prefix": null,
            "separator": "-"
          }
        },
        {
          "index_key": 30,
          "schema_version": 0,
          "attributes": {
            "id": "fitting-tarpon",
            "keepers": null,
            "length": 2,
            "prefix": null,
            "separator": "-"
          }
        },
        {
          "index_key": 31,
          "schema_version": 0,
          "attributes": {
            "id": "feasible-polliwog",
            "keepers": null,
            "length": 2,
            "prefix": null,
            "separator": "-"
          }
        },
        {
          "index_key": 32,
          "schema_version": 0,
          "attributes": {
            "id": "trusting-wildcat",
            "keepers": null,
            "length": 2,
            "prefix": null,
            "separator": "-"
          }
        },
        {
          "index_key": 33,
          "schema_version": 0,
          "attributes": {
            "id": "hardy-hare",
            "keepers": null,
            "length": 2,
            "prefix": null,
            "separator": "-"
          }
        },
        {
          "index_key": 34,
          "schema_version": 0,
          "attributes": {
            "id": "genuine-skunk",
            "keepers": null,
            "length": 2,
            "prefix": null,
            "separator": "-"
          }
        },
        {
          "index_key": 35,
          "schema_version": 0,
          "attributes": {
            "id": "joint-pheasant",
            "keepers": null,
            "length": 2,
            "prefix": null,
            "separator": "-"
          }
        },
        {
          "index_key": 36,
          "schema_version": 0,
          "attributes": {
            "id": "living-newt",
            "keepers": null,
            "length": 2,
            "prefix": null,
            "separator": "-"
          }
        },
        {
          "index_key": 37,
          "schema_version": 0,
          "attributes": {
            "id": "proper-bobcat",
            "keepers": null,
            "length": 2,
            "prefix": null,
            "separator": "-"
          }
        },
        {
          "index_key": 38,
          "schema_version": 0,
          "attributes": {
            "id": "resolved-platypus",
            "keepers": null,
            "length": 2,
            "prefix": null,
            "separator": "-"
          }
        },
        {
          "index_key": 39,
          "schema_version": 0,
          "attributes": {
            "id": "dear-goldfish",
            "keepers": null,
            "length": 2,
            "prefix": null,
            "separator": "-"
          }
        },
        {
          "index_key": 40,
          "schema_version": 0,
          "attributes": {
            "id": "optimum-jackal",
            "keepers": null,
            "length": 2,
            "prefix": null,
            "separator": "-"
          }
        },
        {
          "index_key": 41,
          "schema_version": 0,
          "attributes": {
            "id": "related-gull",
            "keepers": null,
            "length": 2,
            "prefix": null,
            "separator": "-"
          }
        },
        {
          "index_key": 42,
          "schema_version": 0,
          "attributes": {
            "id": "bold-collie",
            "keepers": null,
            "length": 2,
            "prefix": null,
            "separator": "-"
          }
        },
        {
          "index_key": 43,
          "schema_version": 0,
          "attributes": {
            "id": "destined-opossum",
            "keepers": null,
            "length": 2,
            "prefix": null,
            "separator": "-"
          }
        },
        {
          "index_key": 44,
          "schema_version": 0,
          "attributes": {
            "id": "oriented-bengal",
            "keepers": null,
            "length": 2,
            "prefix": null,
            "separator": "-"
          }
        },
        {
          "index_key": 45,
          "schema_version": 0,
          "attributes": {
            "id": "electric-troll",
            "keepers": null,
            "length": 2,
            "prefix": null,
            "separator": "-"
          }
        },
        {
          "index_key": 46,
          "schema_version": 0,
          "attributes": {
            "id": "wealthy-urchin",
            "keepers": null,
            "length": 2,
            "prefix": null,
            "separator": "-"
          }
        },
        {
          "index_key": 47,
          "schema_version": 0,
          "attributes": {
            "id": "trusty-boar",
            "keepers": null,
            "length": 2,
            "prefix": null,
            "separator": "-"
          }
        },
        {
          "index_key": 48,
          "schema_version": 0,
          "attributes": {
            "id": "sound-bee",
            "keepers": null,
            "length": 2,
            "prefix": null,
            "separator": "-"
          }
        },
        {
          "index_key": 49,
          "schema_version": 0,
          "attributes": {
            "id": "healthy-jay",
            "keepers": null,
            "length": 2,
            "prefix": null,
            "separator": "-"
          }
        },
        {
          "index_key": 50,
          "schema_version": 0,
          "attributes": {
            "id": "generous-termite",
            "keepers": null,
            "length": 2,
            "prefix": null,
            "separator": "-"
          }
        },
        {
          "index_key": 51,
          "schema_version": 0,
          "attributes": {
            "id": "charmed-gecko",
            "keepers": null,
            "length": 2,
            "prefix": null,
            "separator": "-"
          }
        },
        {
          "index_key": 52,
          "schema_version": 0,
          "attributes": {
            "id": "dominant-bedbug",
            "keepers": null,
            "length": 2,
            "prefix": null,
            "separator": "-"
          }
        },
        {
          "index_key": 53,
          "schema_version": 0,
          "attributes": {
            "id": "becoming-dragon",
            "keepers": null,
            "length": 2,
            "prefix": null,
            "separator": "-"
          }
        },
        {
          "index_key": 54,
          "schema_version": 0,
          "attributes": {
            "id": "tolerant-magpie",
            "keepers": null,
            "length": 2,
            "prefix": null,
            "separator": "-"
          }
        },
        {
          "index_key": 55,
          "schema_version": 0,
          "attributes": {
            "id": "liked-starfish",
            "keepers": null,
            "length": 2,
            "prefix": null,
            "separator": "-"
          }
        },
        {
          "index_key": 56,
          "schema_version": 0,
          "attributes": {
            "id": "humane-kangaroo",
            "keepers": null,
            "length": 2,
            "prefix": null,
            "separator": "-"
          }
        },
        {
          "index_key": 57,
          "schema_version": 0,
          "attributes": {
            "id": "humane-oyster",
            "keepers": null,
            "length": 2,
            "prefix": null,
            "separator": "-"
          }
        },
        {
          "index_key": 58,
          "schema_version": 0,
          "attributes": {
            "id": "witty-shad",
            "keepers": null,
            "length": 2,
            "prefix": null,
            "separator": "-"
          }
        },
        {
          "index_key": 59,
          "schema_version": 0,
          "attributes": {
            "id": "calm-muskox",
            "keepers": null,
            "length": 2,
            "prefix": null,
            "separator": "-"
          }
        },
        {
          "index_key": 60,
          "schema_version": 0,
          "attributes": {
            "id": "fair-liger",
            "keepers": null,
            "length": 2,
            "prefix": null,
            "separator": "-"
          }
        },
        {
          "index_key": 61,
          "schema_version": 0,
          "attributes": {
            "id": "united-whippet",
            "keepers": null,
            "length": 2,
            "prefix": null,
            "separator": "-"
          }
        },
        {
          "index_key": 62,
          "schema_version": 0,
          "attributes": {
            "id": "distinct-ferret",
            "keepers": null,
            "length": 2,
            "prefix": null,
            "separator": "-"
          }
        },
        {
          "index_key": 63,
          "schema_version": 0,
          "attributes": {
            "id": "liked-rodent",
            "keepers": null,
            "length": 2,
            "prefix": null,
            "separator": "-"
          }
        },
        {
          "index_key": 64,
          "schema_version": 0,
          "attributes": {
            "id": "eager-peacock",
            "keepers": null,
            "length": 2,
            "prefix": null,
            "separator": "-"
          }
        },
        {
          "index_key": 65,
          "schema_version": 0,
          "attributes": {
            "id": "fitting-koala",
            "keepers": null,
            "length": 2,
            "prefix": null,
            "separator": "-"
          }
        },
        {
          "index_key": 66,
          "schema_version": 0,
          "attributes": {
            "id": "ultimate-killdeer",
            "keepers": null,
            "length": 2,
            "prefix": null,
            "separator": "-"
          }
        },
        {
          "index_key": 67,
          "schema_version": 0,
          "attributes": {
            "id": "creative-falcon",
            "keepers": null,
            "length": 2,
            "prefix": null,
            "separator": "-"
          }
        },
        {
          "index_key": 68,
          "schema_version": 0,
          "attributes": {
            "id": "engaging-humpback",
            "keepers": null,
            "length": 2,
            "prefix": null,
            "separator": "-"
          }
        },
        {
          "index_key": 69,
          "schema_version": 0,
          "attributes": {
            "id": "next-alien",
            "keepers": null,
            "length": 2,
            "prefix": null,
            "separator": "-"
          }
        },
        {
          "index_key": 70,
          "schema_version": 0,
          "attributes": {
            "id": "maximum-bear",
            "keepers": null,
            "length": 2,
            "prefix": null,
            "separator": "-"
          }
        },
        {
          "index_key": 71,
          "schema_version": 0,
          "attributes": {
            "id": "verified-krill",
            "keepers": null,
            "length": 2,
            "prefix": null,
            "separator": "-"
          }
        },
        {
          "index_key": 72,
          "schema_version": 0,
          "attributes": {
            "id": "amused-coyote",
            "keepers": null,
            "length": 2,
            "prefix": null,
            "separator": "-"
          }
        },
        {
          "index_key": 73,
          "schema_version": 0,
          "attributes": {
            "id": "free-tadpole",
            "keepers": null,
            "length": 2,
            "prefix": null,
            "separator": "-"
          }
        },
        {
          "index_key": 74,
          "schema_version": 0,
          "attributes": {
            "id": "secure-corgi",
            "keepers": null,
            "length": 2,
            "prefix": null,
            "separator": "-"
          }
        },
        {
          "index_key": 75,
          "schema_version": 0,
          "attributes": {
            "id": "destined-mutt",
            "keepers": null,
            "length": 2,
            "prefix": null,
            "separator": "-"
          }
        },
        {
          "index_key": 76,
          "schema_version": 0,
          "attributes": {
            "id": "working-raptor",
            "keepers": null,
            "length": 2,
            "prefix": null,
            "separator": "-"
          }
        },
        {
          "index_key": 77,
          "schema_version": 0,
          "attributes": {
            "id": "sharing-pipefish",
            "keepers": null,
            "length": 2,
            "prefix": null,
            "separator": "-"
          }
        },
        {
          "index_key": 78,
          "schema_version": 0,
          "attributes": {
            "id": "apparent-glowworm",
            "keepers": null,
            "length": 2,
            "prefix": null,
            "separator": "-"
          }
        },
        {
          "index_key": 79,
          "schema_version": 0,
          "attributes": {
            "id": "dynamic-giraffe",
            "keepers": null,
            "length": 2,
            "prefix": null,
            "separator": "-"
          }
        },
        {
          "index_key": 80,
          "schema_version": 0,
          "attributes": {
            "id": "meet-scorpion",
            "keepers": null,
            "length": 2,
            "prefix": null,
            "separator": "-"
          }
        },
        {
          "index_key": 81,
          "schema_version": 0,
          "attributes": {
            "id": "frank-sculpin",
            "keepers": null,
            "length": 2,
            "prefix": null,
            "separator": "-"
          }
        },
        {
          "index_key": 82,
          "schema_version": 0,
          "attributes": {
            "id": "famous-pigeon",
            "keepers": null,
            "length": 2,
            "prefix": null,
            "separator": "-"
          }
        },
        {
          "index_key": 83,
          "schema_version": 0,
          "attributes": {
            "id": "neutral-emu",
            "keepers": null,
            "length": 2,
            "prefix": null,
            "separator": "-"
          }
        },
        {
          "index_key": 84,
          "schema_version": 0,
          "attributes": {
            "id": "amused-haddock",
            "keepers": null,
            "length": 2,
            "prefix": null,
            "separator": "-"
          }
        },
        {
          "index_key": 85,
          "schema_version": 0,
          "attributes": {
            "id": "rapid-mayfly",
            "keepers": null,
            "length": 2,
            "prefix": null,
            "separator": "-"
          }
        },
        {
          "index_key": 86,
          "schema_version": 0,
          "attributes": {
            "id": "moved-prawn",
            "keepers": null,
            "length": 2,
            "prefix": null,
            "separator": "-"
          }
        },
        {
          "index_key": 87,
          "schema_version": 0,
          "attributes": {
            "id": "advanced-airedale",
            "keepers": null,
            "length": 2,
            "prefix": null,
            "separator": "-"
          }
        },
        {
          "index_key": 88,
          "schema_version": 0,
          "attributes": {
            "id": "bold-snake",
            "keepers": null,
            "length": 2,
            "prefix": null,
            "separator": "-"
          }
        },
        {
          "index_key": 89,
          "schema_version": 0,
          "attributes": {
            "id": "glowing-grackle",
            "keepers": null,
            "length": 2,
            "prefix": null,
            "separator": "-"
          }
        },
        {
          "index_key": 90,
          "schema_version": 0,
          "attributes": {
            "id": "patient-muskrat",
            "keepers": null,
            "length": 2,
            "prefix": null,
            "separator": "-"
          }
        },
        {
          "index_key": 91,
          "schema_version": 0,
          "attributes": {
            "id": "improved-cow",
            "keepers": null,
            "length": 2,
            "prefix": null,
            "separator": "-"
          }
        },
        {
          "index_key": 92,
          "schema_version": 0,
          "attributes": {
            "id": "concrete-bee",
            "keepers": null,
            "length": 2,
            "prefix": null,
            "separator": "-"
          }
        },
        {
          "index_key": 93,
          "schema_version": 0,
          "attributes": {
            "id": "chief-barnacle",
            "keepers": null,
            "length": 2,
            "prefix": null,
            "separator": "-"
          }
        },
        {
          "index_key": 94,
          "schema_version": 0,
          "attributes": {
            "id": "amazing-beagle",
            "keepers": null,
            "length": 2,
            "prefix": null,
            "separator": "-"
          }
        },
        {
          "index_key": 95,
          "schema_version": 0,
          "attributes": {
            "id": "pleasant-cod",
            "keepers": null,
            "length": 2,
            "prefix": null,
            "separator": "-"
          }
        },
        {
          "index_key": 96,
          "schema_version": 0,
          "attributes": {
            "id": "national-mollusk",
            "keepers": null,
            "length": 2,
            "prefix": null,
            "separator": "-"
          }
        },
        {
          "index_key": 97,
          "schema_version": 0,
          "attributes": {
            "id": "engaged-jaybird",
            "keepers": null,
            "length": 2,
            "prefix": null,
            "separator": "-"
          }
        },
        {
          "index_key": 98,
          "schema_version": 0,
          "attributes": {
            "id": "diverse-kangaroo",
            "keepers": null,
            "length": 2,
            "prefix": null,
            "separator": "-"
          }
        },
        {
          "index_key": 99,
          "schema_version": 0,
          "attributes": {
            "id": "normal-werewolf",
            "keepers": null,
            "length": 2,
            "prefix": null,
            "separator": "-"
          }
        }
      ]
    }
  ]
}
